// !$*UTF8*$!
{
	archiveVersion = 1;
	classes = {
	};
	objectVersion = 55;
	objects = {

/* Begin PBXBuildFile section */
		C23BDA452840B5FF003DD30D /* BookmarkDetails.swift in Sources */ = {isa = PBXBuildFile; fileRef = C23BDA442840B5FF003DD30D /* BookmarkDetails.swift */; };
		C23BDA472840C70E003DD30D /* CacheManager.swift in Sources */ = {isa = PBXBuildFile; fileRef = C23BDA462840C70E003DD30D /* CacheManager.swift */; };
		C23EC8EE283E5E71009D0670 /* Linkeeper.xcdatamodeld in Sources */ = {isa = PBXBuildFile; fileRef = C23EC8EC283E5E71009D0670 /* Linkeeper.xcdatamodeld */; };
		C243E22E282B93CD00888C96 /* BookmarkItem.swift in Sources */ = {isa = PBXBuildFile; fileRef = C243E22D282B93CD00888C96 /* BookmarkItem.swift */; };
		C24DF575283E62C4003C9692 /* Shimmer in Frameworks */ = {isa = PBXBuildFile; productRef = C24DF574283E62C4003C9692 /* Shimmer */; };
		C24DF577283E65D2003C9692 /* DataController.swift in Sources */ = {isa = PBXBuildFile; fileRef = C24DF576283E65D2003C9692 /* DataController.swift */; };
		C24DF57C283E7185003C9692 /* Bookmark+CoreDataClass.swift in Sources */ = {isa = PBXBuildFile; fileRef = C24DF578283E7185003C9692 /* Bookmark+CoreDataClass.swift */; };
		C24DF57D283E7185003C9692 /* Bookmark+CoreDataProperties.swift in Sources */ = {isa = PBXBuildFile; fileRef = C24DF579283E7185003C9692 /* Bookmark+CoreDataProperties.swift */; };
		C24DF57E283E7185003C9692 /* Folder+CoreDataClass.swift in Sources */ = {isa = PBXBuildFile; fileRef = C24DF57A283E7185003C9692 /* Folder+CoreDataClass.swift */; };
		C24DF57F283E7185003C9692 /* Folder+CoreDataProperties.swift in Sources */ = {isa = PBXBuildFile; fileRef = C24DF57B283E7185003C9692 /* Folder+CoreDataProperties.swift */; };
		C2550E64282705F900ADA0BF /* BookmarksView.swift in Sources */ = {isa = PBXBuildFile; fileRef = C2550E63282705F900ADA0BF /* BookmarksView.swift */; };
		C281D96D2A23D28200535807 /* BookmarkEntity.swift in Sources */ = {isa = PBXBuildFile; fileRef = C281D96C2A23D28200535807 /* BookmarkEntity.swift */; };
		C281D96F2A23D4FF00535807 /* BookmarksManager.swift in Sources */ = {isa = PBXBuildFile; fileRef = C281D96E2A23D4FF00535807 /* BookmarksManager.swift */; };
		C281D9712A23E32D00535807 /* FolderEntity.swift in Sources */ = {isa = PBXBuildFile; fileRef = C281D9702A23E32D00535807 /* FolderEntity.swift */; };
		C281D9732A23E8B300535807 /* FoldersManager.swift in Sources */ = {isa = PBXBuildFile; fileRef = C281D9722A23E8B300535807 /* FoldersManager.swift */; };
		C28B6E67281900D70030B6DD /* AddBookmarkView.swift in Sources */ = {isa = PBXBuildFile; fileRef = C28B6E66281900D70030B6DD /* AddBookmarkView.swift */; };
		C28B6E6928190C120030B6DD /* ColorsAndSymbols.swift in Sources */ = {isa = PBXBuildFile; fileRef = C28B6E6828190C120030B6DD /* ColorsAndSymbols.swift */; };
		C28B6E6F28193AE20030B6DD /* AddFolderView.swift in Sources */ = {isa = PBXBuildFile; fileRef = C28B6E6E28193AE20030B6DD /* AddFolderView.swift */; };
		C29050682A125EF100817C48 /* MoveBookmarksView.swift in Sources */ = {isa = PBXBuildFile; fileRef = C29050672A125EF100817C48 /* MoveBookmarksView.swift */; };
		C290506D2A12B67900817C48 /* Flashcard.swift in Sources */ = {isa = PBXBuildFile; fileRef = C290506C2A12B67900817C48 /* Flashcard.swift */; };
		C290506F2A12B77100817C48 /* View.swift in Sources */ = {isa = PBXBuildFile; fileRef = C290506E2A12B77100817C48 /* View.swift */; };
		C29050712A12B79800817C48 /* Color.swift in Sources */ = {isa = PBXBuildFile; fileRef = C29050702A12B79800817C48 /* Color.swift */; };
		C29050732A12B7A500817C48 /* Shape.swift in Sources */ = {isa = PBXBuildFile; fileRef = C29050722A12B7A500817C48 /* Shape.swift */; };
		C29050752A12B7E300817C48 /* URL.swift in Sources */ = {isa = PBXBuildFile; fileRef = C29050742A12B7E300817C48 /* URL.swift */; };
		C29050772A12B80300817C48 /* String.swift in Sources */ = {isa = PBXBuildFile; fileRef = C29050762A12B80300817C48 /* String.swift */; };
		C29050792A12B81300817C48 /* TextEditor.swift in Sources */ = {isa = PBXBuildFile; fileRef = C29050782A12B81300817C48 /* TextEditor.swift */; };
		C2B4F6C72A18E48100618411 /* AlertView.swift in Sources */ = {isa = PBXBuildFile; fileRef = C2B4F6C62A18E48100618411 /* AlertView.swift */; };
		C2C1BC862A14A0A300A0ADAA /* DisclosureGroupStyle.swift in Sources */ = {isa = PBXBuildFile; fileRef = C2C1BC852A14A0A300A0ADAA /* DisclosureGroupStyle.swift */; };
		C2C1BC882A14A2FE00A0ADAA /* DisclosureGroup.swift in Sources */ = {isa = PBXBuildFile; fileRef = C2C1BC872A14A2FE00A0ADAA /* DisclosureGroup.swift */; };
		C2C8DC3E28171D93000F4AEB /* LinkeeperApp.swift in Sources */ = {isa = PBXBuildFile; fileRef = C2C8DC3D28171D93000F4AEB /* LinkeeperApp.swift */; };
		C2C8DC4028171D93000F4AEB /* ContentView.swift in Sources */ = {isa = PBXBuildFile; fileRef = C2C8DC3F28171D93000F4AEB /* ContentView.swift */; };
		C2C8DC4228171D94000F4AEB /* Assets.xcassets in Resources */ = {isa = PBXBuildFile; fileRef = C2C8DC4128171D94000F4AEB /* Assets.xcassets */; };
		C2C8DC4528171D94000F4AEB /* Preview Assets.xcassets in Resources */ = {isa = PBXBuildFile; fileRef = C2C8DC4428171D94000F4AEB /* Preview Assets.xcassets */; };
/* End PBXBuildFile section */

/* Begin PBXFileReference section */
		C23BDA442840B5FF003DD30D /* BookmarkDetails.swift */ = {isa = PBXFileReference; lastKnownFileType = sourcecode.swift; path = BookmarkDetails.swift; sourceTree = "<group>"; };
		C23BDA462840C70E003DD30D /* CacheManager.swift */ = {isa = PBXFileReference; lastKnownFileType = sourcecode.swift; path = CacheManager.swift; sourceTree = "<group>"; };
		C23EC8ED283E5E71009D0670 /* Linkeeper.xcdatamodel */ = {isa = PBXFileReference; lastKnownFileType = wrapper.xcdatamodel; path = Linkeeper.xcdatamodel; sourceTree = "<group>"; };
		C243E22D282B93CD00888C96 /* BookmarkItem.swift */ = {isa = PBXFileReference; lastKnownFileType = sourcecode.swift; path = BookmarkItem.swift; sourceTree = "<group>"; };
		C24DF576283E65D2003C9692 /* DataController.swift */ = {isa = PBXFileReference; lastKnownFileType = sourcecode.swift; path = DataController.swift; sourceTree = "<group>"; };
		C24DF578283E7185003C9692 /* Bookmark+CoreDataClass.swift */ = {isa = PBXFileReference; lastKnownFileType = sourcecode.swift; path = "Bookmark+CoreDataClass.swift"; sourceTree = "<group>"; };
		C24DF579283E7185003C9692 /* Bookmark+CoreDataProperties.swift */ = {isa = PBXFileReference; lastKnownFileType = sourcecode.swift; path = "Bookmark+CoreDataProperties.swift"; sourceTree = "<group>"; };
		C24DF57A283E7185003C9692 /* Folder+CoreDataClass.swift */ = {isa = PBXFileReference; lastKnownFileType = sourcecode.swift; path = "Folder+CoreDataClass.swift"; sourceTree = "<group>"; };
		C24DF57B283E7185003C9692 /* Folder+CoreDataProperties.swift */ = {isa = PBXFileReference; lastKnownFileType = sourcecode.swift; path = "Folder+CoreDataProperties.swift"; sourceTree = "<group>"; };
		C2550E63282705F900ADA0BF /* BookmarksView.swift */ = {isa = PBXFileReference; lastKnownFileType = sourcecode.swift; path = BookmarksView.swift; sourceTree = "<group>"; };
		C281D96C2A23D28200535807 /* BookmarkEntity.swift */ = {isa = PBXFileReference; lastKnownFileType = sourcecode.swift; path = BookmarkEntity.swift; sourceTree = "<group>"; };
		C281D96E2A23D4FF00535807 /* BookmarksManager.swift */ = {isa = PBXFileReference; lastKnownFileType = sourcecode.swift; path = BookmarksManager.swift; sourceTree = "<group>"; };
		C281D9702A23E32D00535807 /* FolderEntity.swift */ = {isa = PBXFileReference; lastKnownFileType = sourcecode.swift; path = FolderEntity.swift; sourceTree = "<group>"; };
		C281D9722A23E8B300535807 /* FoldersManager.swift */ = {isa = PBXFileReference; lastKnownFileType = sourcecode.swift; path = FoldersManager.swift; sourceTree = "<group>"; };
		C28B6E66281900D70030B6DD /* AddBookmarkView.swift */ = {isa = PBXFileReference; lastKnownFileType = sourcecode.swift; path = AddBookmarkView.swift; sourceTree = "<group>"; };
		C28B6E6828190C120030B6DD /* ColorsAndSymbols.swift */ = {isa = PBXFileReference; lastKnownFileType = sourcecode.swift; path = ColorsAndSymbols.swift; sourceTree = "<group>"; };
		C28B6E6E28193AE20030B6DD /* AddFolderView.swift */ = {isa = PBXFileReference; lastKnownFileType = sourcecode.swift; path = AddFolderView.swift; sourceTree = "<group>"; };
		C29050672A125EF100817C48 /* MoveBookmarksView.swift */ = {isa = PBXFileReference; lastKnownFileType = sourcecode.swift; path = MoveBookmarksView.swift; sourceTree = "<group>"; };
		C290506C2A12B67900817C48 /* Flashcard.swift */ = {isa = PBXFileReference; lastKnownFileType = sourcecode.swift; path = Flashcard.swift; sourceTree = "<group>"; };
		C290506E2A12B77100817C48 /* View.swift */ = {isa = PBXFileReference; lastKnownFileType = sourcecode.swift; path = View.swift; sourceTree = "<group>"; };
		C29050702A12B79800817C48 /* Color.swift */ = {isa = PBXFileReference; lastKnownFileType = sourcecode.swift; path = Color.swift; sourceTree = "<group>"; };
		C29050722A12B7A500817C48 /* Shape.swift */ = {isa = PBXFileReference; lastKnownFileType = sourcecode.swift; path = Shape.swift; sourceTree = "<group>"; };
		C29050742A12B7E300817C48 /* URL.swift */ = {isa = PBXFileReference; lastKnownFileType = sourcecode.swift; path = URL.swift; sourceTree = "<group>"; };
		C29050762A12B80300817C48 /* String.swift */ = {isa = PBXFileReference; lastKnownFileType = sourcecode.swift; path = String.swift; sourceTree = "<group>"; };
		C29050782A12B81300817C48 /* TextEditor.swift */ = {isa = PBXFileReference; lastKnownFileType = sourcecode.swift; path = TextEditor.swift; sourceTree = "<group>"; };
		C29920052857257C00636E7F /* Info.plist */ = {isa = PBXFileReference; lastKnownFileType = text.plist; path = Info.plist; sourceTree = "<group>"; };
		C2B4F6C62A18E48100618411 /* AlertView.swift */ = {isa = PBXFileReference; lastKnownFileType = sourcecode.swift; path = AlertView.swift; sourceTree = "<group>"; };
		C2C1BC852A14A0A300A0ADAA /* DisclosureGroupStyle.swift */ = {isa = PBXFileReference; lastKnownFileType = sourcecode.swift; path = DisclosureGroupStyle.swift; sourceTree = "<group>"; };
		C2C1BC872A14A2FE00A0ADAA /* DisclosureGroup.swift */ = {isa = PBXFileReference; lastKnownFileType = sourcecode.swift; path = DisclosureGroup.swift; sourceTree = "<group>"; };
		C2C8DC3A28171D93000F4AEB /* Linkeeper.app */ = {isa = PBXFileReference; explicitFileType = wrapper.application; includeInIndex = 0; path = Linkeeper.app; sourceTree = BUILT_PRODUCTS_DIR; };
		C2C8DC3D28171D93000F4AEB /* LinkeeperApp.swift */ = {isa = PBXFileReference; lastKnownFileType = sourcecode.swift; path = LinkeeperApp.swift; sourceTree = "<group>"; };
		C2C8DC3F28171D93000F4AEB /* ContentView.swift */ = {isa = PBXFileReference; lastKnownFileType = sourcecode.swift; path = ContentView.swift; sourceTree = "<group>"; };
		C2C8DC4128171D94000F4AEB /* Assets.xcassets */ = {isa = PBXFileReference; lastKnownFileType = folder.assetcatalog; path = Assets.xcassets; sourceTree = "<group>"; };
		C2C8DC4428171D94000F4AEB /* Preview Assets.xcassets */ = {isa = PBXFileReference; lastKnownFileType = folder.assetcatalog; path = "Preview Assets.xcassets"; sourceTree = "<group>"; };
		C2EEA52D2A082C2F00333E25 /* Linkeeper.entitlements */ = {isa = PBXFileReference; lastKnownFileType = text.plist.entitlements; path = Linkeeper.entitlements; sourceTree = "<group>"; };
/* End PBXFileReference section */

/* Begin PBXFrameworksBuildPhase section */
		C2C8DC3728171D93000F4AEB /* Frameworks */ = {
			isa = PBXFrameworksBuildPhase;
			buildActionMask = 2147483647;
			files = (
				C24DF575283E62C4003C9692 /* Shimmer in Frameworks */,
			);
			runOnlyForDeploymentPostprocessing = 0;
		};
/* End PBXFrameworksBuildPhase section */

/* Begin PBXGroup section */
		C24DF580283E718C003C9692 /* CoreData */ = {
			isa = PBXGroup;
			children = (
				C23EC8EC283E5E71009D0670 /* Linkeeper.xcdatamodeld */,
				C24DF576283E65D2003C9692 /* DataController.swift */,
				C24DF578283E7185003C9692 /* Bookmark+CoreDataClass.swift */,
				C24DF579283E7185003C9692 /* Bookmark+CoreDataProperties.swift */,
				C24DF57A283E7185003C9692 /* Folder+CoreDataClass.swift */,
				C24DF57B283E7185003C9692 /* Folder+CoreDataProperties.swift */,
				C281D96E2A23D4FF00535807 /* BookmarksManager.swift */,
				C281D9722A23E8B300535807 /* FoldersManager.swift */,
			);
			path = CoreData;
			sourceTree = "<group>";
		};
		C252EAB02842B1B000E296F5 /* BookmarkInfoViews */ = {
			isa = PBXGroup;
			children = (
				C243E22D282B93CD00888C96 /* BookmarkItem.swift */,
				C23BDA442840B5FF003DD30D /* BookmarkDetails.swift */,
			);
			path = BookmarkInfoViews;
			sourceTree = "<group>";
		};
		C2550E602827040000ADA0BF /* Creation Sheets */ = {
			isa = PBXGroup;
			children = (
				C28B6E66281900D70030B6DD /* AddBookmarkView.swift */,
				C28B6E6E28193AE20030B6DD /* AddFolderView.swift */,
			);
			path = "Creation Sheets";
			sourceTree = "<group>";
		};
		C281D96B2A23C86D00535807 /* App Intents */ = {
			isa = PBXGroup;
			children = (
				C281D96C2A23D28200535807 /* BookmarkEntity.swift */,
				C281D9702A23E32D00535807 /* FolderEntity.swift */,
			);
			path = "App Intents";
			sourceTree = "<group>";
		};
		C29050692A12B4FF00817C48 /* Modification */ = {
			isa = PBXGroup;
			children = (
				C29050672A125EF100817C48 /* MoveBookmarksView.swift */,
			);
			path = Modification;
			sourceTree = "<group>";
		};
		C290506A2A12B60E00817C48 /* Helpers */ = {
			isa = PBXGroup;
			children = (
				C2B4F6C62A18E48100618411 /* AlertView.swift */,
				C23BDA462840C70E003DD30D /* CacheManager.swift */,
				C28B6E6828190C120030B6DD /* ColorsAndSymbols.swift */,
				C290506C2A12B67900817C48 /* Flashcard.swift */,
				C2C1BC852A14A0A300A0ADAA /* DisclosureGroupStyle.swift */,
				C290506B2A12B66800817C48 /* Extensions */,
			);
			path = Helpers;
			sourceTree = "<group>";
		};
		C290506B2A12B66800817C48 /* Extensions */ = {
			isa = PBXGroup;
			children = (
				C290506E2A12B77100817C48 /* View.swift */,
				C29050702A12B79800817C48 /* Color.swift */,
				C29050722A12B7A500817C48 /* Shape.swift */,
				C29050742A12B7E300817C48 /* URL.swift */,
				C29050762A12B80300817C48 /* String.swift */,
				C29050782A12B81300817C48 /* TextEditor.swift */,
				C2C1BC872A14A2FE00A0ADAA /* DisclosureGroup.swift */,
			);
			path = Extensions;
			sourceTree = "<group>";
		};
		C2C8DC3128171D93000F4AEB = {
			isa = PBXGroup;
			children = (
				C2C8DC3C28171D93000F4AEB /* Linkeeper */,
				C2C8DC3B28171D93000F4AEB /* Products */,
			);
			sourceTree = "<group>";
		};
		C2C8DC3B28171D93000F4AEB /* Products */ = {
			isa = PBXGroup;
			children = (
				C2C8DC3A28171D93000F4AEB /* Linkeeper.app */,
			);
			name = Products;
			sourceTree = "<group>";
		};
		C2C8DC3C28171D93000F4AEB /* Linkeeper */ = {
			isa = PBXGroup;
			children = (
				C2EEA52D2A082C2F00333E25 /* Linkeeper.entitlements */,
				C29920052857257C00636E7F /* Info.plist */,
				C2C8DC3D28171D93000F4AEB /* LinkeeperApp.swift */,
				C2C8DC3F28171D93000F4AEB /* ContentView.swift */,
				C2550E63282705F900ADA0BF /* BookmarksView.swift */,
				C252EAB02842B1B000E296F5 /* BookmarkInfoViews */,
				C29050692A12B4FF00817C48 /* Modification */,
				C2550E602827040000ADA0BF /* Creation Sheets */,
				C24DF580283E718C003C9692 /* CoreData */,
				C290506A2A12B60E00817C48 /* Helpers */,
				C281D96B2A23C86D00535807 /* App Intents */,
				C2C8DC4128171D94000F4AEB /* Assets.xcassets */,
				C2C8DC4328171D94000F4AEB /* Preview Content */,
			);
			path = Linkeeper;
			sourceTree = "<group>";
		};
		C2C8DC4328171D94000F4AEB /* Preview Content */ = {
			isa = PBXGroup;
			children = (
				C2C8DC4428171D94000F4AEB /* Preview Assets.xcassets */,
			);
			path = "Preview Content";
			sourceTree = "<group>";
		};
/* End PBXGroup section */

/* Begin PBXNativeTarget section */
		C2C8DC3928171D93000F4AEB /* Linkeeper */ = {
			isa = PBXNativeTarget;
			buildConfigurationList = C2C8DC4828171D94000F4AEB /* Build configuration list for PBXNativeTarget "Linkeeper" */;
			buildPhases = (
				C2C8DC3628171D93000F4AEB /* Sources */,
				C2C8DC3728171D93000F4AEB /* Frameworks */,
				C2C8DC3828171D93000F4AEB /* Resources */,
			);
			buildRules = (
			);
			dependencies = (
			);
			name = Linkeeper;
			packageProductDependencies = (
				C24DF574283E62C4003C9692 /* Shimmer */,
			);
			productName = Marked;
			productReference = C2C8DC3A28171D93000F4AEB /* Linkeeper.app */;
			productType = "com.apple.product-type.application";
		};
/* End PBXNativeTarget section */

/* Begin PBXProject section */
		C2C8DC3228171D93000F4AEB /* Project object */ = {
			isa = PBXProject;
			attributes = {
				BuildIndependentTargetsInParallel = 1;
				LastSwiftUpdateCheck = 1330;
				LastUpgradeCheck = 1330;
				TargetAttributes = {
					C2C8DC3928171D93000F4AEB = {
						CreatedOnToolsVersion = 13.3;
					};
				};
			};
			buildConfigurationList = C2C8DC3528171D93000F4AEB /* Build configuration list for PBXProject "Linkeeper" */;
			compatibilityVersion = "Xcode 13.0";
			developmentRegion = en;
			hasScannedForEncodings = 0;
			knownRegions = (
				en,
				Base,
			);
			mainGroup = C2C8DC3128171D93000F4AEB;
			packageReferences = (
				C24DF573283E62C4003C9692 /* XCRemoteSwiftPackageReference "SwiftUI-Shimmer" */,
			);
			productRefGroup = C2C8DC3B28171D93000F4AEB /* Products */;
			projectDirPath = "";
			projectRoot = "";
			targets = (
				C2C8DC3928171D93000F4AEB /* Linkeeper */,
			);
		};
/* End PBXProject section */

/* Begin PBXResourcesBuildPhase section */
		C2C8DC3828171D93000F4AEB /* Resources */ = {
			isa = PBXResourcesBuildPhase;
			buildActionMask = 2147483647;
			files = (
				C2C8DC4528171D94000F4AEB /* Preview Assets.xcassets in Resources */,
				C2C8DC4228171D94000F4AEB /* Assets.xcassets in Resources */,
			);
			runOnlyForDeploymentPostprocessing = 0;
		};
/* End PBXResourcesBuildPhase section */

/* Begin PBXSourcesBuildPhase section */
		C2C8DC3628171D93000F4AEB /* Sources */ = {
			isa = PBXSourcesBuildPhase;
			buildActionMask = 2147483647;
			files = (
				C290506D2A12B67900817C48 /* Flashcard.swift in Sources */,
				C24DF57F283E7185003C9692 /* Folder+CoreDataProperties.swift in Sources */,
				C28B6E67281900D70030B6DD /* AddBookmarkView.swift in Sources */,
				C2C8DC4028171D93000F4AEB /* ContentView.swift in Sources */,
				C29050712A12B79800817C48 /* Color.swift in Sources */,
				C2C8DC3E28171D93000F4AEB /* LinkeeperApp.swift in Sources */,
				C29050792A12B81300817C48 /* TextEditor.swift in Sources */,
				C2B4F6C72A18E48100618411 /* AlertView.swift in Sources */,
				C29050752A12B7E300817C48 /* URL.swift in Sources */,
				C2C1BC862A14A0A300A0ADAA /* DisclosureGroupStyle.swift in Sources */,
				C281D9712A23E32D00535807 /* FolderEntity.swift in Sources */,
				C24DF57D283E7185003C9692 /* Bookmark+CoreDataProperties.swift in Sources */,
				C2C1BC882A14A2FE00A0ADAA /* DisclosureGroup.swift in Sources */,
				C28B6E6928190C120030B6DD /* ColorsAndSymbols.swift in Sources */,
				C24DF577283E65D2003C9692 /* DataController.swift in Sources */,
				C281D9732A23E8B300535807 /* FoldersManager.swift in Sources */,
				C23BDA452840B5FF003DD30D /* BookmarkDetails.swift in Sources */,
				C29050682A125EF100817C48 /* MoveBookmarksView.swift in Sources */,
				C243E22E282B93CD00888C96 /* BookmarkItem.swift in Sources */,
				C24DF57C283E7185003C9692 /* Bookmark+CoreDataClass.swift in Sources */,
				C23BDA472840C70E003DD30D /* CacheManager.swift in Sources */,
				C24DF57E283E7185003C9692 /* Folder+CoreDataClass.swift in Sources */,
				C23EC8EE283E5E71009D0670 /* Linkeeper.xcdatamodeld in Sources */,
				C281D96D2A23D28200535807 /* BookmarkEntity.swift in Sources */,
				C29050732A12B7A500817C48 /* Shape.swift in Sources */,
				C290506F2A12B77100817C48 /* View.swift in Sources */,
				C2550E64282705F900ADA0BF /* BookmarksView.swift in Sources */,
				C281D96F2A23D4FF00535807 /* BookmarksManager.swift in Sources */,
				C29050772A12B80300817C48 /* String.swift in Sources */,
				C28B6E6F28193AE20030B6DD /* AddFolderView.swift in Sources */,
			);
			runOnlyForDeploymentPostprocessing = 0;
		};
/* End PBXSourcesBuildPhase section */

/* Begin XCBuildConfiguration section */
		C2C8DC4628171D94000F4AEB /* Debug */ = {
			isa = XCBuildConfiguration;
			buildSettings = {
				ALWAYS_SEARCH_USER_PATHS = NO;
				CLANG_ANALYZER_NONNULL = YES;
				CLANG_ANALYZER_NUMBER_OBJECT_CONVERSION = YES_AGGRESSIVE;
				CLANG_CXX_LANGUAGE_STANDARD = "gnu++17";
				CLANG_ENABLE_MODULES = YES;
				CLANG_ENABLE_OBJC_ARC = YES;
				CLANG_ENABLE_OBJC_WEAK = YES;
				CLANG_WARN_BLOCK_CAPTURE_AUTORELEASING = YES;
				CLANG_WARN_BOOL_CONVERSION = YES;
				CLANG_WARN_COMMA = YES;
				CLANG_WARN_CONSTANT_CONVERSION = YES;
				CLANG_WARN_DEPRECATED_OBJC_IMPLEMENTATIONS = YES;
				CLANG_WARN_DIRECT_OBJC_ISA_USAGE = YES_ERROR;
				CLANG_WARN_DOCUMENTATION_COMMENTS = YES;
				CLANG_WARN_EMPTY_BODY = YES;
				CLANG_WARN_ENUM_CONVERSION = YES;
				CLANG_WARN_INFINITE_RECURSION = YES;
				CLANG_WARN_INT_CONVERSION = YES;
				CLANG_WARN_NON_LITERAL_NULL_CONVERSION = YES;
				CLANG_WARN_OBJC_IMPLICIT_RETAIN_SELF = YES;
				CLANG_WARN_OBJC_LITERAL_CONVERSION = YES;
				CLANG_WARN_OBJC_ROOT_CLASS = YES_ERROR;
				CLANG_WARN_QUOTED_INCLUDE_IN_FRAMEWORK_HEADER = YES;
				CLANG_WARN_RANGE_LOOP_ANALYSIS = YES;
				CLANG_WARN_STRICT_PROTOTYPES = YES;
				CLANG_WARN_SUSPICIOUS_MOVE = YES;
				CLANG_WARN_UNGUARDED_AVAILABILITY = YES_AGGRESSIVE;
				CLANG_WARN_UNREACHABLE_CODE = YES;
				CLANG_WARN__DUPLICATE_METHOD_MATCH = YES;
				COPY_PHASE_STRIP = NO;
				DEBUG_INFORMATION_FORMAT = dwarf;
				ENABLE_STRICT_OBJC_MSGSEND = YES;
				ENABLE_TESTABILITY = YES;
				GCC_C_LANGUAGE_STANDARD = gnu11;
				GCC_DYNAMIC_NO_PIC = NO;
				GCC_NO_COMMON_BLOCKS = YES;
				GCC_OPTIMIZATION_LEVEL = 0;
				GCC_PREPROCESSOR_DEFINITIONS = (
					"DEBUG=1",
					"$(inherited)",
				);
				GCC_WARN_64_TO_32_BIT_CONVERSION = YES;
				GCC_WARN_ABOUT_RETURN_TYPE = YES_ERROR;
				GCC_WARN_UNDECLARED_SELECTOR = YES;
				GCC_WARN_UNINITIALIZED_AUTOS = YES_AGGRESSIVE;
				GCC_WARN_UNUSED_FUNCTION = YES;
				GCC_WARN_UNUSED_VARIABLE = YES;
				IPHONEOS_DEPLOYMENT_TARGET = 15.4;
				MTL_ENABLE_DEBUG_INFO = INCLUDE_SOURCE;
				MTL_FAST_MATH = YES;
				ONLY_ACTIVE_ARCH = YES;
				SDKROOT = iphoneos;
				SWIFT_ACTIVE_COMPILATION_CONDITIONS = DEBUG;
				SWIFT_OPTIMIZATION_LEVEL = "-Onone";
			};
			name = Debug;
		};
		C2C8DC4728171D94000F4AEB /* Release */ = {
			isa = XCBuildConfiguration;
			buildSettings = {
				ALWAYS_SEARCH_USER_PATHS = NO;
				CLANG_ANALYZER_NONNULL = YES;
				CLANG_ANALYZER_NUMBER_OBJECT_CONVERSION = YES_AGGRESSIVE;
				CLANG_CXX_LANGUAGE_STANDARD = "gnu++17";
				CLANG_ENABLE_MODULES = YES;
				CLANG_ENABLE_OBJC_ARC = YES;
				CLANG_ENABLE_OBJC_WEAK = YES;
				CLANG_WARN_BLOCK_CAPTURE_AUTORELEASING = YES;
				CLANG_WARN_BOOL_CONVERSION = YES;
				CLANG_WARN_COMMA = YES;
				CLANG_WARN_CONSTANT_CONVERSION = YES;
				CLANG_WARN_DEPRECATED_OBJC_IMPLEMENTATIONS = YES;
				CLANG_WARN_DIRECT_OBJC_ISA_USAGE = YES_ERROR;
				CLANG_WARN_DOCUMENTATION_COMMENTS = YES;
				CLANG_WARN_EMPTY_BODY = YES;
				CLANG_WARN_ENUM_CONVERSION = YES;
				CLANG_WARN_INFINITE_RECURSION = YES;
				CLANG_WARN_INT_CONVERSION = YES;
				CLANG_WARN_NON_LITERAL_NULL_CONVERSION = YES;
				CLANG_WARN_OBJC_IMPLICIT_RETAIN_SELF = YES;
				CLANG_WARN_OBJC_LITERAL_CONVERSION = YES;
				CLANG_WARN_OBJC_ROOT_CLASS = YES_ERROR;
				CLANG_WARN_QUOTED_INCLUDE_IN_FRAMEWORK_HEADER = YES;
				CLANG_WARN_RANGE_LOOP_ANALYSIS = YES;
				CLANG_WARN_STRICT_PROTOTYPES = YES;
				CLANG_WARN_SUSPICIOUS_MOVE = YES;
				CLANG_WARN_UNGUARDED_AVAILABILITY = YES_AGGRESSIVE;
				CLANG_WARN_UNREACHABLE_CODE = YES;
				CLANG_WARN__DUPLICATE_METHOD_MATCH = YES;
				COPY_PHASE_STRIP = NO;
				DEBUG_INFORMATION_FORMAT = "dwarf-with-dsym";
				ENABLE_NS_ASSERTIONS = NO;
				ENABLE_STRICT_OBJC_MSGSEND = YES;
				GCC_C_LANGUAGE_STANDARD = gnu11;
				GCC_NO_COMMON_BLOCKS = YES;
				GCC_WARN_64_TO_32_BIT_CONVERSION = YES;
				GCC_WARN_ABOUT_RETURN_TYPE = YES_ERROR;
				GCC_WARN_UNDECLARED_SELECTOR = YES;
				GCC_WARN_UNINITIALIZED_AUTOS = YES_AGGRESSIVE;
				GCC_WARN_UNUSED_FUNCTION = YES;
				GCC_WARN_UNUSED_VARIABLE = YES;
				IPHONEOS_DEPLOYMENT_TARGET = 15.4;
				MTL_ENABLE_DEBUG_INFO = NO;
				MTL_FAST_MATH = YES;
				SDKROOT = iphoneos;
				SWIFT_COMPILATION_MODE = wholemodule;
				SWIFT_OPTIMIZATION_LEVEL = "-O";
				VALIDATE_PRODUCT = YES;
			};
			name = Release;
		};
		C2C8DC4928171D94000F4AEB /* Debug */ = {
			isa = XCBuildConfiguration;
			buildSettings = {
				ASSETCATALOG_COMPILER_APPICON_NAME = AppIcon;
				ASSETCATALOG_COMPILER_GLOBAL_ACCENT_COLOR_NAME = AccentColor;
				CODE_SIGN_ENTITLEMENTS = Linkeeper/Linkeeper.entitlements;
				CODE_SIGN_STYLE = Automatic;
				CURRENT_PROJECT_VERSION = 1;
				DEVELOPMENT_ASSET_PATHS = "\"Linkeeper/Preview Content\"";
				DEVELOPMENT_TEAM = 3S6NT5MUQZ;
				ENABLE_PREVIEWS = YES;
				GENERATE_INFOPLIST_FILE = YES;
				INFOPLIST_FILE = Linkeeper/Info.plist;
				INFOPLIST_KEY_UIApplicationSupportsIndirectInputEvents = YES;
				INFOPLIST_KEY_UILaunchScreen_Generation = YES;
				INFOPLIST_KEY_UISupportedInterfaceOrientations_iPad = "UIInterfaceOrientationPortrait UIInterfaceOrientationPortraitUpsideDown UIInterfaceOrientationLandscapeLeft UIInterfaceOrientationLandscapeRight";
				INFOPLIST_KEY_UISupportedInterfaceOrientations_iPhone = "UIInterfaceOrientationPortrait UIInterfaceOrientationLandscapeLeft UIInterfaceOrientationLandscapeRight";
				IPHONEOS_DEPLOYMENT_TARGET = 15.0;
				LD_RUNPATH_SEARCH_PATHS = (
					"$(inherited)",
					"@executable_path/Frameworks",
				);
				MARKETING_VERSION = 1.0;
				PRODUCT_BUNDLE_IDENTIFIER = com.itecheverything.Linkeeper;
				PRODUCT_NAME = "$(TARGET_NAME)";
				SWIFT_EMIT_LOC_STRINGS = YES;
				SWIFT_VERSION = 5.0;
				TARGETED_DEVICE_FAMILY = "1,2";
			};
			name = Debug;
		};
		C2C8DC4A28171D94000F4AEB /* Release */ = {
			isa = XCBuildConfiguration;
			buildSettings = {
				ASSETCATALOG_COMPILER_APPICON_NAME = AppIcon;
				ASSETCATALOG_COMPILER_GLOBAL_ACCENT_COLOR_NAME = AccentColor;
				CODE_SIGN_ENTITLEMENTS = Linkeeper/Linkeeper.entitlements;
				CODE_SIGN_STYLE = Automatic;
				CURRENT_PROJECT_VERSION = 1;
				DEVELOPMENT_ASSET_PATHS = "\"Linkeeper/Preview Content\"";
				DEVELOPMENT_TEAM = 3S6NT5MUQZ;
				ENABLE_PREVIEWS = YES;
				GENERATE_INFOPLIST_FILE = YES;
				INFOPLIST_FILE = Linkeeper/Info.plist;
				INFOPLIST_KEY_UIApplicationSupportsIndirectInputEvents = YES;
				INFOPLIST_KEY_UILaunchScreen_Generation = YES;
				INFOPLIST_KEY_UISupportedInterfaceOrientations_iPad = "UIInterfaceOrientationPortrait UIInterfaceOrientationPortraitUpsideDown UIInterfaceOrientationLandscapeLeft UIInterfaceOrientationLandscapeRight";
				INFOPLIST_KEY_UISupportedInterfaceOrientations_iPhone = "UIInterfaceOrientationPortrait UIInterfaceOrientationLandscapeLeft UIInterfaceOrientationLandscapeRight";
				IPHONEOS_DEPLOYMENT_TARGET = 15.0;
				LD_RUNPATH_SEARCH_PATHS = (
					"$(inherited)",
					"@executable_path/Frameworks",
				);
				MARKETING_VERSION = 1.0;
				PRODUCT_BUNDLE_IDENTIFIER = com.itecheverything.Linkeeper;
				PRODUCT_NAME = "$(TARGET_NAME)";
				SWIFT_EMIT_LOC_STRINGS = YES;
				SWIFT_VERSION = 5.0;
				TARGETED_DEVICE_FAMILY = "1,2";
			};
			name = Release;
		};
/* End XCBuildConfiguration section */

/* Begin XCConfigurationList section */
		C2C8DC3528171D93000F4AEB /* Build configuration list for PBXProject "Linkeeper" */ = {
			isa = XCConfigurationList;
			buildConfigurations = (
				C2C8DC4628171D94000F4AEB /* Debug */,
				C2C8DC4728171D94000F4AEB /* Release */,
			);
			defaultConfigurationIsVisible = 0;
			defaultConfigurationName = Release;
		};
		C2C8DC4828171D94000F4AEB /* Build configuration list for PBXNativeTarget "Linkeeper" */ = {
			isa = XCConfigurationList;
			buildConfigurations = (
				C2C8DC4928171D94000F4AEB /* Debug */,
				C2C8DC4A28171D94000F4AEB /* Release */,
			);
			defaultConfigurationIsVisible = 0;
			defaultConfigurationName = Release;
		};
/* End XCConfigurationList section */

/* Begin XCRemoteSwiftPackageReference section */
		C24DF573283E62C4003C9692 /* XCRemoteSwiftPackageReference "SwiftUI-Shimmer" */ = {
			isa = XCRemoteSwiftPackageReference;
			repositoryURL = "https://github.com/markiv/SwiftUI-Shimmer";
			requirement = {
				kind = upToNextMajorVersion;
				minimumVersion = 1.0.0;
			};
		};
/* End XCRemoteSwiftPackageReference section */

/* Begin XCSwiftPackageProductDependency section */
		C24DF574283E62C4003C9692 /* Shimmer */ = {
			isa = XCSwiftPackageProductDependency;
			package = C24DF573283E62C4003C9692 /* XCRemoteSwiftPackageReference "SwiftUI-Shimmer" */;
			productName = Shimmer;
		};
/* End XCSwiftPackageProductDependency section */

/* Begin XCVersionGroup section */
		C23EC8EC283E5E71009D0670 /* Linkeeper.xcdatamodeld */ = {
			isa = XCVersionGroup;
			children = (
				C23EC8ED283E5E71009D0670 /* Linkeeper.xcdatamodel */,
			);
			currentVersion = C23EC8ED283E5E71009D0670 /* Linkeeper.xcdatamodel */;
			path = Linkeeper.xcdatamodeld;
			sourceTree = "<group>";
			versionGroupType = wrapper.xcdatamodel;
		};
/* End XCVersionGroup section */
	};
	rootObject = C2C8DC3228171D93000F4AEB /* Project object */;
}
